
Microsoft Visual Studio Solution File, Format Version 12.00
# Visual Studio Version 17
VisualStudioVersion = 17.7.34031.279
MinimumVisualStudioVersion = 10.0.40219.1
Project("{FAE04EC0-301F-11D3-BF4B-00C04F79EFBC}") = "BlazorContacts.Server", "BlazorContacts\Server\BlazorContacts.Server.csproj", "{8B7BAC34-1A56-4777-A4B2-32F48E86F566}"
EndProject
Project("{FAE04EC0-301F-11D3-BF4B-00C04F79EFBC}") = "BlazorContacts.Client", "BlazorContacts\Client\BlazorContacts.Client.csproj", "{13AD27AF-457D-4C81-97CD-0BDA7760D88A}"
EndProject
Project("{FAE04EC0-301F-11D3-BF4B-00C04F79EFBC}") = "BlazorContacts.Shared", "BlazorContacts\Shared\BlazorContacts.Shared.csproj", "{BEDF812C-26D2-4C37-9E59-39D257F8DE8F}"
EndProject
Project("{FAE04EC0-301F-11D3-BF4B-00C04F79EFBC}") = "BlazorContactsRepositories", "BlazorContactsrRepositories\BlazorContactsRepositories.csproj", "{D4A68F9B-E11F-4620-B090-22D2675AE2ED}"
EndProject
Global
	GlobalSection(SolutionConfigurationPlatforms) = preSolution
		Debug|Any CPU = Debug|Any CPU
		Release|Any CPU = Release|Any CPU
	EndGlobalSection
	GlobalSection(ProjectConfigurationPlatforms) = postSolution
		{8B7BAC34-1A56-4777-A4B2-32F48E86F566}.Debug|Any CPU.ActiveCfg = Debug|Any CPU
		{8B7BAC34-1A56-4777-A4B2-32F48E86F566}.Debug|Any CPU.Build.0 = Debug|Any CPU
		{8B7BAC34-1A56-4777-A4B2-32F48E86F566}.Release|Any CPU.ActiveCfg = Release|Any CPU
		{8B7BAC34-1A56-4777-A4B2-32F48E86F566}.Release|Any CPU.Build.0 = Release|Any CPU
		{13AD27AF-457D-4C81-97CD-0BDA7760D88A}.Debug|Any CPU.ActiveCfg = Debug|Any CPU
		{13AD27AF-457D-4C81-97CD-0BDA7760D88A}.Debug|Any CPU.Build.0 = Debug|Any CPU
		{13AD27AF-457D-4C81-97CD-0BDA7760D88A}.Release|Any CPU.ActiveCfg = Release|Any CPU
		{13AD27AF-457D-4C81-97CD-0BDA7760D88A}.Release|Any CPU.Build.0 = Release|Any CPU
		{BEDF812C-26D2-4C37-9E59-39D257F8DE8F}.Debug|Any CPU.ActiveCfg = Debug|Any CPU
		{BEDF812C-26D2-4C37-9E59-39D257F8DE8F}.Debug|Any CPU.Build.0 = Debug|Any CPU
		{BEDF812C-26D2-4C37-9E59-39D257F8DE8F}.Release|Any CPU.ActiveCfg = Release|Any CPU
		{BEDF812C-26D2-4C37-9E59-39D257F8DE8F}.Release|Any CPU.Build.0 = Release|Any CPU
		{D4A68F9B-E11F-4620-B090-22D2675AE2ED}.Debug|Any CPU.ActiveCfg = Debug|Any CPU
		{D4A68F9B-E11F-4620-B090-22D2675AE2ED}.Debug|Any CPU.Build.0 = Debug|Any CPU
		{D4A68F9B-E11F-4620-B090-22D2675AE2ED}.Release|Any CPU.ActiveCfg = Release|Any CPU
		{D4A68F9B-E11F-4620-B090-22D2675AE2ED}.Release|Any CPU.Build.0 = Release|Any CPU
	EndGlobalSection
	GlobalSection(SolutionProperties) = preSolution
		HideSolutionNode = FALSE
	EndGlobalSection
	GlobalSection(ExtensibilityGlobals) = postSolution
		SolutionGuid = {5E6871DC-909E-4497-A612-AAC32CDD0591}
	EndGlobalSection
EndGlobal
